
Microsoft Visual Studio Solution File, Format Version 12.00
# Visual Studio Version 17
VisualStudioVersion = 17.4.33110.190
MinimumVisualStudioVersion = 10.0.40219.1
Project("{FAE04EC0-301F-11D3-BF4B-00C04F79EFBC}") = "WPFLesson3", "WPFLesson3\WPFLesson3.csproj", "{F7E0FA5E-37E2-4A64-B410-A65ABEF413FC}"
EndProject
Global
	GlobalSection(SolutionConfigurationPlatforms) = preSolution
		Debug|Any CPU = Debug|Any CPU
		Release|Any CPU = Release|Any CPU
	EndGlobalSection
	GlobalSection(ProjectConfigurationPlatforms) = postSolution
		{F7E0FA5E-37E2-4A64-B410-A65ABEF413FC}.Debug|Any CPU.ActiveCfg = Debug|Any CPU
		{F7E0FA5E-37E2-4A64-B410-A65ABEF413FC}.Debug|Any CPU.Build.0 = Debug|Any CPU
		{F7E0FA5E-37E2-4A64-B410-A65ABEF413FC}.Release|Any CPU.ActiveCfg = Release|Any CPU
		{F7E0FA5E-37E2-4A64-B410-A65ABEF413FC}.Release|Any CPU.Build.0 = Release|Any CPU
	EndGlobalSection
	GlobalSection(SolutionProperties) = preSolution
		HideSolutionNode = FALSE
	EndGlobalSection
	GlobalSection(ExtensibilityGlobals) = postSolution
		SolutionGuid = {5264BC76-18E6-40FD-AD99-CCE78C784E52}
	EndGlobalSection
EndGlobal
